// !$*UTF8*$!
{
	archiveVersion = 1;
	classes = {
	};
	objectVersion = 50;
	objects = {

/* Begin PBXBuildFile section */
		D917C13F23CF2F24000E0429 /* AppDelegate.swift in Sources */ = {isa = PBXBuildFile; fileRef = D917C13E23CF2F24000E0429 /* AppDelegate.swift */; };
		D917C14323CF2F24000E0429 /* ViewController.swift in Sources */ = {isa = PBXBuildFile; fileRef = D917C14223CF2F24000E0429 /* ViewController.swift */; };
		D917C14823CF2F27000E0429 /* Assets.xcassets in Resources */ = {isa = PBXBuildFile; fileRef = D917C14723CF2F27000E0429 /* Assets.xcassets */; };
		D917C14B23CF2F27000E0429 /* LaunchScreen.storyboard in Resources */ = {isa = PBXBuildFile; fileRef = D917C14923CF2F27000E0429 /* LaunchScreen.storyboard */; };
		D9F90E6723D67ADC0077FA31 /* SwipingController.swift in Sources */ = {isa = PBXBuildFile; fileRef = D9F90E6623D67ADC0077FA31 /* SwipingController.swift */; };
		D9F90E6923D686230077FA31 /* PageCell.swift in Sources */ = {isa = PBXBuildFile; fileRef = D9F90E6823D686230077FA31 /* PageCell.swift */; };
		D9F90E6B23D71B480077FA31 /* PageModel.swift in Sources */ = {isa = PBXBuildFile; fileRef = D9F90E6A23D71B480077FA31 /* PageModel.swift */; };
/* End PBXBuildFile section */

/* Begin PBXFileReference section */
		D917C13B23CF2F24000E0429 /* LBTACodeAutoLayout.app */ = {isa = PBXFileReference; explicitFileType = wrapper.application; includeInIndex = 0; path = LBTACodeAutoLayout.app; sourceTree = BUILT_PRODUCTS_DIR; };
		D917C13E23CF2F24000E0429 /* AppDelegate.swift */ = {isa = PBXFileReference; lastKnownFileType = sourcecode.swift; path = AppDelegate.swift; sourceTree = "<group>"; };
		D917C14223CF2F24000E0429 /* ViewController.swift */ = {isa = PBXFileReference; lastKnownFileType = sourcecode.swift; path = ViewController.swift; sourceTree = "<group>"; };
		D917C14723CF2F27000E0429 /* Assets.xcassets */ = {isa = PBXFileReference; lastKnownFileType = folder.assetcatalog; path = Assets.xcassets; sourceTree = "<group>"; };
		D917C14A23CF2F27000E0429 /* Base */ = {isa = PBXFileReference; lastKnownFileType = file.storyboard; name = Base; path = Base.lproj/LaunchScreen.storyboard; sourceTree = "<group>"; };
		D917C14C23CF2F27000E0429 /* Info.plist */ = {isa = PBXFileReference; lastKnownFileType = text.plist.xml; path = Info.plist; sourceTree = "<group>"; };
		D9F90E6623D67ADC0077FA31 /* SwipingController.swift */ = {isa = PBXFileReference; lastKnownFileType = sourcecode.swift; path = SwipingController.swift; sourceTree = "<group>"; };
		D9F90E6823D686230077FA31 /* PageCell.swift */ = {isa = PBXFileReference; lastKnownFileType = sourcecode.swift; path = PageCell.swift; sourceTree = "<group>"; };
		D9F90E6A23D71B480077FA31 /* PageModel.swift */ = {isa = PBXFileReference; lastKnownFileType = sourcecode.swift; path = PageModel.swift; sourceTree = "<group>"; };
/* End PBXFileReference section */

/* Begin PBXFrameworksBuildPhase section */
		D917C13823CF2F24000E0429 /* Frameworks */ = {
			isa = PBXFrameworksBuildPhase;
			buildActionMask = 2147483647;
			files = (
			);
			runOnlyForDeploymentPostprocessing = 0;
		};
/* End PBXFrameworksBuildPhase section */

/* Begin PBXGroup section */
		D917C13223CF2F24000E0429 = {
			isa = PBXGroup;
			children = (
				D917C13D23CF2F24000E0429 /* LBTACodeAutoLayout */,
				D917C13C23CF2F24000E0429 /* Products */,
			);
			sourceTree = "<group>";
		};
		D917C13C23CF2F24000E0429 /* Products */ = {
			isa = PBXGroup;
			children = (
				D917C13B23CF2F24000E0429 /* LBTACodeAutoLayout.app */,
			);
			name = Products;
			sourceTree = "<group>";
		};
		D917C13D23CF2F24000E0429 /* LBTACodeAutoLayout */ = {
			isa = PBXGroup;
			children = (
				D917C13E23CF2F24000E0429 /* AppDelegate.swift */,
				D917C14223CF2F24000E0429 /* ViewController.swift */,
				D917C14723CF2F27000E0429 /* Assets.xcassets */,
				D917C14923CF2F27000E0429 /* LaunchScreen.storyboard */,
				D917C14C23CF2F27000E0429 /* Info.plist */,
				D9F90E6623D67ADC0077FA31 /* SwipingController.swift */,
				D9F90E6823D686230077FA31 /* PageCell.swift */,
				D9F90E6A23D71B480077FA31 /* PageModel.swift */,
			);
			path = LBTACodeAutoLayout;
			sourceTree = "<group>";
		};
/* End PBXGroup section */

/* Begin PBXNativeTarget section */
		D917C13A23CF2F24000E0429 /* LBTACodeAutoLayout */ = {
			isa = PBXNativeTarget;
			buildConfigurationList = D917C14F23CF2F27000E0429 /* Build configuration list for PBXNativeTarget "LBTACodeAutoLayout" */;
			buildPhases = (
				D917C13723CF2F24000E0429 /* Sources */,
				D917C13823CF2F24000E0429 /* Frameworks */,
				D917C13923CF2F24000E0429 /* Resources */,
			);
			buildRules = (
			);
			dependencies = (
			);
			name = LBTACodeAutoLayout;
			productName = LBTACodeAutoLayout;
			productReference = D917C13B23CF2F24000E0429 /* LBTACodeAutoLayout.app */;
			productType = "com.apple.product-type.application";
		};
/* End PBXNativeTarget section */

/* Begin PBXProject section */
		D917C13323CF2F24000E0429 /* Project object */ = {
			isa = PBXProject;
			attributes = {
				LastSwiftUpdateCheck = 1100;
				LastUpgradeCheck = 1100;
				ORGANIZATIONNAME = "Herve Desrosiers";
				TargetAttributes = {
					D917C13A23CF2F24000E0429 = {
						CreatedOnToolsVersion = 11.0;
					};
				};
			};
			buildConfigurationList = D917C13623CF2F24000E0429 /* Build configuration list for PBXProject "LBTACodeAutoLayout" */;
			compatibilityVersion = "Xcode 9.3";
			developmentRegion = en;
			hasScannedForEncodings = 0;
			knownRegions = (
				en,
				Base,
			);
			mainGroup = D917C13223CF2F24000E0429;
			productRefGroup = D917C13C23CF2F24000E0429 /* Products */;
			projectDirPath = "";
			projectRoot = "";
			targets = (
				D917C13A23CF2F24000E0429 /* LBTACodeAutoLayout */,
			);
		};
/* End PBXProject section */

/* Begin PBXResourcesBuildPhase section */
		D917C13923CF2F24000E0429 /* Resources */ = {
			isa = PBXResourcesBuildPhase;
			buildActionMask = 2147483647;
			files = (
				D917C14B23CF2F27000E0429 /* LaunchScreen.storyboard in Resources */,
				D917C14823CF2F27000E0429 /* Assets.xcassets in Resources */,
			);
			runOnlyForDeploymentPostprocessing = 0;
		};
/* End PBXResourcesBuildPhase section */

/* Begin PBXSourcesBuildPhase section */
		D917C13723CF2F24000E0429 /* Sources */ = {
			isa = PBXSourcesBuildPhase;
			buildActionMask = 2147483647;
			files = (
				D917C14323CF2F24000E0429 /* ViewController.swift in Sources */,
				D9F90E6B23D71B480077FA31 /* PageModel.swift in Sources */,
				D917C13F23CF2F24000E0429 /* AppDelegate.swift in Sources */,
				D9F90E6923D686230077FA31 /* PageCell.swift in Sources */,
				D9F90E6723D67ADC0077FA31 /* SwipingController.swift in Sources */,
			);
			runOnlyForDeploymentPostprocessing = 0;
		};
/* End PBXSourcesBuildPhase section */

/* Begin PBXVariantGroup section */
		D917C14923CF2F27000E0429 /* LaunchScreen.storyboard */ = {
			isa = PBXVariantGroup;
			children = (
				D917C14A23CF2F27000E0429 /* Base */,
			);
			name = LaunchScreen.storyboard;
			sourceTree = "<group>";
		};
/* End PBXVariantGroup section */

/* Begin XCBuildConfiguration section */
		D917C14D23CF2F27000E0429 /* Debug */ = {
			isa = XCBuildConfiguration;
			buildSettings = {
				ALWAYS_SEARCH_USER_PATHS = NO;
				CLANG_ANALYZER_NONNULL = YES;
				CLANG_ANALYZER_NUMBER_OBJECT_CONVERSION = YES_AGGRESSIVE;
				CLANG_CXX_LANGUAGE_STANDARD = "gnu++14";
				CLANG_CXX_LIBRARY = "libc++";
				CLANG_ENABLE_MODULES = YES;
				CLANG_ENABLE_OBJC_ARC = YES;
				CLANG_ENABLE_OBJC_WEAK = YES;
				CLANG_WARN_BLOCK_CAPTURE_AUTORELEASING = YES;
				CLANG_WARN_BOOL_CONVERSION = YES;
				CLANG_WARN_COMMA = YES;
				CLANG_WARN_CONSTANT_CONVERSION = YES;
				CLANG_WARN_DEPRECATED_OBJC_IMPLEMENTATIONS = YES;
				CLANG_WARN_DIRECT_OBJC_ISA_USAGE = YES_ERROR;
				CLANG_WARN_DOCUMENTATION_COMMENTS = YES;
				CLANG_WARN_EMPTY_BODY = YES;
				CLANG_WARN_ENUM_CONVERSION = YES;
				CLANG_WARN_INFINITE_RECURSION = YES;
				CLANG_WARN_INT_CONVERSION = YES;
				CLANG_WARN_NON_LITERAL_NULL_CONVERSION = YES;
				CLANG_WARN_OBJC_IMPLICIT_RETAIN_SELF = YES;
				CLANG_WARN_OBJC_LITERAL_CONVERSION = YES;
				CLANG_WARN_OBJC_ROOT_CLASS = YES_ERROR;
				CLANG_WARN_RANGE_LOOP_ANALYSIS = YES;
				CLANG_WARN_STRICT_PROTOTYPES = YES;
				CLANG_WARN_SUSPICIOUS_MOVE = YES;
				CLANG_WARN_UNGUARDED_AVAILABILITY = YES_AGGRESSIVE;
				CLANG_WARN_UNREACHABLE_CODE = YES;
				CLANG_WARN__DUPLICATE_METHOD_MATCH = YES;
				COPY_PHASE_STRIP = NO;
				DEBUG_INFORMATION_FORMAT = dwarf;
				ENABLE_STRICT_OBJC_MSGSEND = YES;
				ENABLE_TESTABILITY = YES;
				GCC_C_LANGUAGE_STANDARD = gnu11;
				GCC_DYNAMIC_NO_PIC = NO;
				GCC_NO_COMMON_BLOCKS = YES;
				GCC_OPTIMIZATION_LEVEL = 0;
				GCC_PREPROCESSOR_DEFINITIONS = (
					"DEBUG=1",
					"$(inherited)",
				);
				GCC_WARN_64_TO_32_BIT_CONVERSION = YES;
				GCC_WARN_ABOUT_RETURN_TYPE = YES_ERROR;
				GCC_WARN_UNDECLARED_SELECTOR = YES;
				GCC_WARN_UNINITIALIZED_AUTOS = YES_AGGRESSIVE;
				GCC_WARN_UNUSED_FUNCTION = YES;
				GCC_WARN_UNUSED_VARIABLE = YES;
				IPHONEOS_DEPLOYMENT_TARGET = 13.0;
				MTL_ENABLE_DEBUG_INFO = INCLUDE_SOURCE;
				MTL_FAST_MATH = YES;
				ONLY_ACTIVE_ARCH = YES;
				SDKROOT = iphoneos;
				SWIFT_ACTIVE_COMPILATION_CONDITIONS = DEBUG;
				SWIFT_OPTIMIZATION_LEVEL = "-Onone";
			};
			name = Debug;
		};
		D917C14E23CF2F27000E0429 /* Release */ = {
			isa = XCBuildConfiguration;
			buildSettings = {
				ALWAYS_SEARCH_USER_PATHS = NO;
				CLANG_ANALYZER_NONNULL = YES;
				CLANG_ANALYZER_NUMBER_OBJECT_CONVERSION = YES_AGGRESSIVE;
				CLANG_CXX_LANGUAGE_STANDARD = "gnu++14";
				CLANG_CXX_LIBRARY = "libc++";
				CLANG_ENABLE_MODULES = YES;
				CLANG_ENABLE_OBJC_ARC = YES;
				CLANG_ENABLE_OBJC_WEAK = YES;
				CLANG_WARN_BLOCK_CAPTURE_AUTORELEASING = YES;
				CLANG_WARN_BOOL_CONVERSION = YES;
				CLANG_WARN_COMMA = YES;
				CLANG_WARN_CONSTANT_CONVERSION = YES;
				CLANG_WARN_DEPRECATED_OBJC_IMPLEMENTATIONS = YES;
				CLANG_WARN_DIRECT_OBJC_ISA_USAGE = YES_ERROR;
				CLANG_WARN_DOCUMENTATION_COMMENTS = YES;
				CLANG_WARN_EMPTY_BODY = YES;
				CLANG_WARN_ENUM_CONVERSION = YES;
				CLANG_WARN_INFINITE_RECURSION = YES;
				CLANG_WARN_INT_CONVERSION = YES;
				CLANG_WARN_NON_LITERAL_NULL_CONVERSION = YES;
				CLANG_WARN_OBJC_IMPLICIT_RETAIN_SELF = YES;
				CLANG_WARN_OBJC_LITERAL_CONVERSION = YES;
				CLANG_WARN_OBJC_ROOT_CLASS = YES_ERROR;
				CLANG_WARN_RANGE_LOOP_ANALYSIS = YES;
				CLANG_WARN_STRICT_PROTOTYPES = YES;
				CLANG_WARN_SUSPICIOUS_MOVE = YES;
				CLANG_WARN_UNGUARDED_AVAILABILITY = YES_AGGRESSIVE;
				CLANG_WARN_UNREACHABLE_CODE = YES;
				CLANG_WARN__DUPLICATE_METHOD_MATCH = YES;
				COPY_PHASE_STRIP = NO;
				DEBUG_INFORMATION_FORMAT = "dwarf-with-dsym";
				ENABLE_NS_ASSERTIONS = NO;
				ENABLE_STRICT_OBJC_MSGSEND = YES;
				GCC_C_LANGUAGE_STANDARD = gnu11;
				GCC_NO_COMMON_BLOCKS = YES;
				GCC_WARN_64_TO_32_BIT_CONVERSION = YES;
				GCC_WARN_ABOUT_RETURN_TYPE = YES_ERROR;
				GCC_WARN_UNDECLARED_SELECTOR = YES;
				GCC_WARN_UNINITIALIZED_AUTOS = YES_AGGRESSIVE;
				GCC_WARN_UNUSED_FUNCTION = YES;
				GCC_WARN_UNUSED_VARIABLE = YES;
				IPHONEOS_DEPLOYMENT_TARGET = 13.0;
				MTL_ENABLE_DEBUG_INFO = NO;
				MTL_FAST_MATH = YES;
				SDKROOT = iphoneos;
				SWIFT_COMPILATION_MODE = wholemodule;
				SWIFT_OPTIMIZATION_LEVEL = "-O";
				VALIDATE_PRODUCT = YES;
			};
			name = Release;
		};
		D917C15023CF2F27000E0429 /* Debug */ = {
			isa = XCBuildConfiguration;
			buildSettings = {
				ASSETCATALOG_COMPILER_APPICON_NAME = AppIcon;
				CODE_SIGN_STYLE = Automatic;
				DEVELOPMENT_TEAM = FN5HT59QR2;
				INFOPLIST_FILE = LBTACodeAutoLayout/Info.plist;
				LD_RUNPATH_SEARCH_PATHS = (
					"$(inherited)",
					"@executable_path/Frameworks",
				);
				PRODUCT_BUNDLE_IDENTIFIER = com.stingray.LBTACodeAutoLayout;
				PRODUCT_NAME = "$(TARGET_NAME)";
				SWIFT_VERSION = 5.0;
				TARGETED_DEVICE_FAMILY = "1,2";
			};
			name = Debug;
		};
		D917C15123CF2F27000E0429 /* Release */ = {
			isa = XCBuildConfiguration;
			buildSettings = {
				ASSETCATALOG_COMPILER_APPICON_NAME = AppIcon;
				CODE_SIGN_STYLE = Automatic;
				DEVELOPMENT_TEAM = FN5HT59QR2;
				INFOPLIST_FILE = LBTACodeAutoLayout/Info.plist;
				LD_RUNPATH_SEARCH_PATHS = (
					"$(inherited)",
					"@executable_path/Frameworks",
				);
				PRODUCT_BUNDLE_IDENTIFIER = com.stingray.LBTACodeAutoLayout;
				PRODUCT_NAME = "$(TARGET_NAME)";
				SWIFT_VERSION = 5.0;
				TARGETED_DEVICE_FAMILY = "1,2";
			};
			name = Release;
		};
/* End XCBuildConfiguration section */

/* Begin XCConfigurationList section */
		D917C13623CF2F24000E0429 /* Build configuration list for PBXProject "LBTACodeAutoLayout" */ = {
			isa = XCConfigurationList;
			buildConfigurations = (
				D917C14D23CF2F27000E0429 /* Debug */,
				D917C14E23CF2F27000E0429 /* Release */,
			);
			defaultConfigurationIsVisible = 0;
			defaultConfigurationName = Release;
		};
		D917C14F23CF2F27000E0429 /* Build configuration list for PBXNativeTarget "LBTACodeAutoLayout" */ = {
			isa = XCConfigurationList;
			buildConfigurations = (
				D917C15023CF2F27000E0429 /* Debug */,
				D917C15123CF2F27000E0429 /* Release */,
			);
			defaultConfigurationIsVisible = 0;
			defaultConfigurationName = Release;
		};
/* End XCConfigurationList section */
	};
	rootObject = D917C13323CF2F24000E0429 /* Project object */;
}
